// !$*UTF8*$!
{
	archiveVersion = 1;
	classes = {
	};
	objectVersion = 46;
	objects = {

/* Begin PBXBuildFile section */
		D10FDB8FA78258B4D35795EA /* Pods_kElogger.framework in Frameworks */ = {isa = PBXBuildFile; fileRef = F289E9B3EA8F60854DB3041F /* Pods_kElogger.framework */; };
		E6AC3DDB1CDF7BC70084E6DF /* AppDelegate.swift in Sources */ = {isa = PBXBuildFile; fileRef = E6AC3DDA1CDF7BC70084E6DF /* AppDelegate.swift */; };
		E6AC3DDD1CDF7BC70084E6DF /* Assets.xcassets in Resources */ = {isa = PBXBuildFile; fileRef = E6AC3DDC1CDF7BC70084E6DF /* Assets.xcassets */; };
		E6AC3DE01CDF7BC70084E6DF /* MainMenu.xib in Resources */ = {isa = PBXBuildFile; fileRef = E6AC3DDE1CDF7BC70084E6DF /* MainMenu.xib */; };
		E6AC3DEB1CDF7BC70084E6DF /* kEloggerTests.swift in Sources */ = {isa = PBXBuildFile; fileRef = E6AC3DEA1CDF7BC70084E6DF /* kEloggerTests.swift */; };
/* End PBXBuildFile section */

/* Begin PBXContainerItemProxy section */
		E6AC3DE71CDF7BC70084E6DF /* PBXContainerItemProxy */ = {
			isa = PBXContainerItemProxy;
			containerPortal = E6AC3DCF1CDF7BC70084E6DF /* Project object */;
			proxyType = 1;
			remoteGlobalIDString = E6AC3DD61CDF7BC70084E6DF;
			remoteInfo = kElogger;
		};
/* End PBXContainerItemProxy section */

/* Begin PBXFileReference section */
		E6AC3DD71CDF7BC70084E6DF /* kElogger.app */ = {isa = PBXFileReference; explicitFileType = wrapper.application; includeInIndex = 0; path = kElogger.app; sourceTree = BUILT_PRODUCTS_DIR; };
		E6AC3DDA1CDF7BC70084E6DF /* AppDelegate.swift */ = {isa = PBXFileReference; lastKnownFileType = sourcecode.swift; path = AppDelegate.swift; sourceTree = "<group>"; };
		E6AC3DDC1CDF7BC70084E6DF /* Assets.xcassets */ = {isa = PBXFileReference; lastKnownFileType = folder.assetcatalog; path = Assets.xcassets; sourceTree = "<group>"; };
		E6AC3DDF1CDF7BC70084E6DF /* Base */ = {isa = PBXFileReference; lastKnownFileType = file.xib; name = Base; path = Base.lproj/MainMenu.xib; sourceTree = "<group>"; };
		E6AC3DE11CDF7BC70084E6DF /* Info.plist */ = {isa = PBXFileReference; lastKnownFileType = text.plist.xml; path = Info.plist; sourceTree = "<group>"; };
		E6AC3DE61CDF7BC70084E6DF /* kEloggerTests.xctest */ = {isa = PBXFileReference; explicitFileType = wrapper.cfbundle; includeInIndex = 0; path = kEloggerTests.xctest; sourceTree = BUILT_PRODUCTS_DIR; };
		E6AC3DEA1CDF7BC70084E6DF /* kEloggerTests.swift */ = {isa = PBXFileReference; lastKnownFileType = sourcecode.swift; path = kEloggerTests.swift; sourceTree = "<group>"; };
		E6AC3DEC1CDF7BC70084E6DF /* Info.plist */ = {isa = PBXFileReference; lastKnownFileType = text.plist.xml; path = Info.plist; sourceTree = "<group>"; };
		E6AC3DFB1CDF92290084E6DF /* kElogger-Bridging-Header.h */ = {isa = PBXFileReference; lastKnownFileType = sourcecode.c.h; path = "kElogger-Bridging-Header.h"; sourceTree = "<group>"; };
		E9802986C3E0F0200A1CA97B /* Pods-kElogger.release.xcconfig */ = {isa = PBXFileReference; includeInIndex = 1; lastKnownFileType = text.xcconfig; name = "Pods-kElogger.release.xcconfig"; path = "Pods/Target Support Files/Pods-kElogger/Pods-kElogger.release.xcconfig"; sourceTree = "<group>"; };
		F289E9B3EA8F60854DB3041F /* Pods_kElogger.framework */ = {isa = PBXFileReference; explicitFileType = wrapper.framework; includeInIndex = 0; path = Pods_kElogger.framework; sourceTree = BUILT_PRODUCTS_DIR; };
		FBE99D3BDAA5897E150786A6 /* Pods-kElogger.debug.xcconfig */ = {isa = PBXFileReference; includeInIndex = 1; lastKnownFileType = text.xcconfig; name = "Pods-kElogger.debug.xcconfig"; path = "Pods/Target Support Files/Pods-kElogger/Pods-kElogger.debug.xcconfig"; sourceTree = "<group>"; };
/* End PBXFileReference section */

/* Begin PBXFrameworksBuildPhase section */
		E6AC3DD41CDF7BC70084E6DF /* Frameworks */ = {
			isa = PBXFrameworksBuildPhase;
			buildActionMask = 2147483647;
			files = (
				D10FDB8FA78258B4D35795EA /* Pods_kElogger.framework in Frameworks */,
			);
			runOnlyForDeploymentPostprocessing = 0;
		};
		E6AC3DE31CDF7BC70084E6DF /* Frameworks */ = {
			isa = PBXFrameworksBuildPhase;
			buildActionMask = 2147483647;
			files = (
			);
			runOnlyForDeploymentPostprocessing = 0;
		};
/* End PBXFrameworksBuildPhase section */

/* Begin PBXGroup section */
		3F4F0AB2F36D0293C3E22E4C /* Pods */ = {
			isa = PBXGroup;
			children = (
				FBE99D3BDAA5897E150786A6 /* Pods-kElogger.debug.xcconfig */,
				E9802986C3E0F0200A1CA97B /* Pods-kElogger.release.xcconfig */,
			);
			name = Pods;
			sourceTree = "<group>";
		};
		6C9B6387843D31B4678C41CB /* Frameworks */ = {
			isa = PBXGroup;
			children = (
				F289E9B3EA8F60854DB3041F /* Pods_kElogger.framework */,
			);
			name = Frameworks;
			sourceTree = "<group>";
		};
		E6AC3DCE1CDF7BC70084E6DF = {
			isa = PBXGroup;
			children = (
				E6AC3DD91CDF7BC70084E6DF /* kElogger */,
				E6AC3DE91CDF7BC70084E6DF /* kEloggerTests */,
				E6AC3DD81CDF7BC70084E6DF /* Products */,
				3F4F0AB2F36D0293C3E22E4C /* Pods */,
				6C9B6387843D31B4678C41CB /* Frameworks */,
				E6AC3DFB1CDF92290084E6DF /* kElogger-Bridging-Header.h */,
			);
			sourceTree = "<group>";
		};
		E6AC3DD81CDF7BC70084E6DF /* Products */ = {
			isa = PBXGroup;
			children = (
				E6AC3DD71CDF7BC70084E6DF /* kElogger.app */,
				E6AC3DE61CDF7BC70084E6DF /* kEloggerTests.xctest */,
			);
			name = Products;
			sourceTree = "<group>";
		};
		E6AC3DD91CDF7BC70084E6DF /* kElogger */ = {
			isa = PBXGroup;
			children = (
				E6AC3DDA1CDF7BC70084E6DF /* AppDelegate.swift */,
				E6AC3DDC1CDF7BC70084E6DF /* Assets.xcassets */,
				E6AC3DDE1CDF7BC70084E6DF /* MainMenu.xib */,
				E6AC3DE11CDF7BC70084E6DF /* Info.plist */,
			);
			path = kElogger;
			sourceTree = "<group>";
		};
		E6AC3DE91CDF7BC70084E6DF /* kEloggerTests */ = {
			isa = PBXGroup;
			children = (
				E6AC3DEA1CDF7BC70084E6DF /* kEloggerTests.swift */,
				E6AC3DEC1CDF7BC70084E6DF /* Info.plist */,
			);
			path = kEloggerTests;
			sourceTree = "<group>";
		};
/* End PBXGroup section */

/* Begin PBXNativeTarget section */
		E6AC3DD61CDF7BC70084E6DF /* kElogger */ = {
			isa = PBXNativeTarget;
			buildConfigurationList = E6AC3DEF1CDF7BC70084E6DF /* Build configuration list for PBXNativeTarget "kElogger" */;
			buildPhases = (
				6024AB236341902A1EFB6799 /* Check Pods Manifest.lock */,
				E6AC3DD31CDF7BC70084E6DF /* Sources */,
				E6AC3DD41CDF7BC70084E6DF /* Frameworks */,
				E6AC3DD51CDF7BC70084E6DF /* Resources */,
				A21F42FAABC75BD5D5115115 /* Embed Pods Frameworks */,
				DFA0C60BA052F79EB71B402E /* Copy Pods Resources */,
			);
			buildRules = (
			);
			dependencies = (
			);
			name = kElogger;
			productName = kElogger;
			productReference = E6AC3DD71CDF7BC70084E6DF /* kElogger.app */;
			productType = "com.apple.product-type.application";
		};
		E6AC3DE51CDF7BC70084E6DF /* kEloggerTests */ = {
			isa = PBXNativeTarget;
			buildConfigurationList = E6AC3DF21CDF7BC70084E6DF /* Build configuration list for PBXNativeTarget "kEloggerTests" */;
			buildPhases = (
				E6AC3DE21CDF7BC70084E6DF /* Sources */,
				E6AC3DE31CDF7BC70084E6DF /* Frameworks */,
				E6AC3DE41CDF7BC70084E6DF /* Resources */,
			);
			buildRules = (
			);
			dependencies = (
				E6AC3DE81CDF7BC70084E6DF /* PBXTargetDependency */,
			);
			name = kEloggerTests;
			productName = kEloggerTests;
			productReference = E6AC3DE61CDF7BC70084E6DF /* kEloggerTests.xctest */;
			productType = "com.apple.product-type.bundle.unit-test";
		};
/* End PBXNativeTarget section */

/* Begin PBXProject section */
		E6AC3DCF1CDF7BC70084E6DF /* Project object */ = {
			isa = PBXProject;
			attributes = {
				LastSwiftUpdateCheck = 0730;
				LastUpgradeCheck = 0730;
				ORGANIZATIONNAME = ghost;
				TargetAttributes = {
					E6AC3DD61CDF7BC70084E6DF = {
						CreatedOnToolsVersion = 7.3.1;
					};
					E6AC3DE51CDF7BC70084E6DF = {
						CreatedOnToolsVersion = 7.3.1;
						TestTargetID = E6AC3DD61CDF7BC70084E6DF;
					};
				};
			};
			buildConfigurationList = E6AC3DD21CDF7BC70084E6DF /* Build configuration list for PBXProject "kElogger" */;
			compatibilityVersion = "Xcode 3.2";
			developmentRegion = English;
			hasScannedForEncodings = 0;
			knownRegions = (
				en,
				Base,
			);
			mainGroup = E6AC3DCE1CDF7BC70084E6DF;
			productRefGroup = E6AC3DD81CDF7BC70084E6DF /* Products */;
			projectDirPath = "";
			projectRoot = "";
			targets = (
				E6AC3DD61CDF7BC70084E6DF /* kElogger */,
				E6AC3DE51CDF7BC70084E6DF /* kEloggerTests */,
			);
		};
/* End PBXProject section */

/* Begin PBXResourcesBuildPhase section */
		E6AC3DD51CDF7BC70084E6DF /* Resources */ = {
			isa = PBXResourcesBuildPhase;
			buildActionMask = 2147483647;
			files = (
				E6AC3DDD1CDF7BC70084E6DF /* Assets.xcassets in Resources */,
				E6AC3DE01CDF7BC70084E6DF /* MainMenu.xib in Resources */,
			);
			runOnlyForDeploymentPostprocessing = 0;
		};
		E6AC3DE41CDF7BC70084E6DF /* Resources */ = {
			isa = PBXResourcesBuildPhase;
			buildActionMask = 2147483647;
			files = (
			);
			runOnlyForDeploymentPostprocessing = 0;
		};
/* End PBXResourcesBuildPhase section */

/* Begin PBXShellScriptBuildPhase section */
		6024AB236341902A1EFB6799 /* Check Pods Manifest.lock */ = {
			isa = PBXShellScriptBuildPhase;
			buildActionMask = 2147483647;
			files = (
			);
			inputPaths = (
			);
			name = "Check Pods Manifest.lock";
			outputPaths = (
			);
			runOnlyForDeploymentPostprocessing = 0;
			shellPath = /bin/sh;
			shellScript = "diff \"${PODS_ROOT}/../Podfile.lock\" \"${PODS_ROOT}/Manifest.lock\" > /dev/null\nif [[ $? != 0 ]] ; then\n    cat << EOM\nerror: The sandbox is not in sync with the Podfile.lock. Run 'pod install' or update your CocoaPods installation.\nEOM\n    exit 1\nfi\n";
			showEnvVarsInLog = 0;
		};
		A21F42FAABC75BD5D5115115 /* Embed Pods Frameworks */ = {
			isa = PBXShellScriptBuildPhase;
			buildActionMask = 2147483647;
			files = (
			);
			inputPaths = (
			);
			name = "Embed Pods Frameworks";
			outputPaths = (
			);
			runOnlyForDeploymentPostprocessing = 0;
			shellPath = /bin/sh;
			shellScript = "\"${SRCROOT}/Pods/Target Support Files/Pods-kElogger/Pods-kElogger-frameworks.sh\"\n";
			showEnvVarsInLog = 0;
		};
		DFA0C60BA052F79EB71B402E /* Copy Pods Resources */ = {
			isa = PBXShellScriptBuildPhase;
			buildActionMask = 2147483647;
			files = (
			);
			inputPaths = (
			);
			name = "Copy Pods Resources";
			outputPaths = (
			);
			runOnlyForDeploymentPostprocessing = 0;
			shellPath = /bin/sh;
			shellScript = "\"${SRCROOT}/Pods/Target Support Files/Pods-kElogger/Pods-kElogger-resources.sh\"\n";
			showEnvVarsInLog = 0;
		};
/* End PBXShellScriptBuildPhase section */

/* Begin PBXSourcesBuildPhase section */
		E6AC3DD31CDF7BC70084E6DF /* Sources */ = {
			isa = PBXSourcesBuildPhase;
			buildActionMask = 2147483647;
			files = (
				E6AC3DDB1CDF7BC70084E6DF /* AppDelegate.swift in Sources */,
			);
			runOnlyForDeploymentPostprocessing = 0;
		};
		E6AC3DE21CDF7BC70084E6DF /* Sources */ = {
			isa = PBXSourcesBuildPhase;
			buildActionMask = 2147483647;
			files = (
				E6AC3DEB1CDF7BC70084E6DF /* kEloggerTests.swift in Sources */,
			);
			runOnlyForDeploymentPostprocessing = 0;
		};
/* End PBXSourcesBuildPhase section */

/* Begin PBXTargetDependency section */
		E6AC3DE81CDF7BC70084E6DF /* PBXTargetDependency */ = {
			isa = PBXTargetDependency;
			target = E6AC3DD61CDF7BC70084E6DF /* kElogger */;
			targetProxy = E6AC3DE71CDF7BC70084E6DF /* PBXContainerItemProxy */;
		};
/* End PBXTargetDependency section */

/* Begin PBXVariantGroup section */
		E6AC3DDE1CDF7BC70084E6DF /* MainMenu.xib */ = {
			isa = PBXVariantGroup;
			children = (
				E6AC3DDF1CDF7BC70084E6DF /* Base */,
			);
			name = MainMenu.xib;
			sourceTree = "<group>";
		};
/* End PBXVariantGroup section */

/* Begin XCBuildConfiguration section */
		E6AC3DED1CDF7BC70084E6DF /* Debug */ = {
			isa = XCBuildConfiguration;
			buildSettings = {
				ALWAYS_SEARCH_USER_PATHS = NO;
				CLANG_ANALYZER_NONNULL = YES;
				CLANG_CXX_LANGUAGE_STANDARD = "gnu++0x";
				CLANG_CXX_LIBRARY = "libc++";
				CLANG_ENABLE_MODULES = YES;
				CLANG_ENABLE_OBJC_ARC = YES;
				CLANG_WARN_BOOL_CONVERSION = YES;
				CLANG_WARN_CONSTANT_CONVERSION = YES;
				CLANG_WARN_DIRECT_OBJC_ISA_USAGE = YES_ERROR;
				CLANG_WARN_EMPTY_BODY = YES;
				CLANG_WARN_ENUM_CONVERSION = YES;
				CLANG_WARN_INT_CONVERSION = YES;
				CLANG_WARN_OBJC_ROOT_CLASS = YES_ERROR;
				CLANG_WARN_UNREACHABLE_CODE = YES;
				CLANG_WARN__DUPLICATE_METHOD_MATCH = YES;
				CODE_SIGN_IDENTITY = "-";
				COPY_PHASE_STRIP = NO;
				DEBUG_INFORMATION_FORMAT = dwarf;
				ENABLE_STRICT_OBJC_MSGSEND = YES;
				ENABLE_TESTABILITY = YES;
				GCC_C_LANGUAGE_STANDARD = gnu99;
				GCC_DYNAMIC_NO_PIC = NO;
				GCC_NO_COMMON_BLOCKS = YES;
				GCC_OPTIMIZATION_LEVEL = 0;
				GCC_PREPROCESSOR_DEFINITIONS = (
					"DEBUG=1",
					"$(inherited)",
				);
				GCC_WARN_64_TO_32_BIT_CONVERSION = YES;
				GCC_WARN_ABOUT_RETURN_TYPE = YES_ERROR;
				GCC_WARN_UNDECLARED_SELECTOR = YES;
				GCC_WARN_UNINITIALIZED_AUTOS = YES_AGGRESSIVE;
				GCC_WARN_UNUSED_FUNCTION = YES;
				GCC_WARN_UNUSED_VARIABLE = YES;
				MACOSX_DEPLOYMENT_TARGET = 10.11;
				MTL_ENABLE_DEBUG_INFO = YES;
				ONLY_ACTIVE_ARCH = YES;
				SDKROOT = macosx;
				SWIFT_OPTIMIZATION_LEVEL = "-Onone";
			};
			name = Debug;
		};
		E6AC3DEE1CDF7BC70084E6DF /* Release */ = {
			isa = XCBuildConfiguration;
			buildSettings = {
				ALWAYS_SEARCH_USER_PATHS = NO;
				CLANG_ANALYZER_NONNULL = YES;
				CLANG_CXX_LANGUAGE_STANDARD = "gnu++0x";
				CLANG_CXX_LIBRARY = "libc++";
				CLANG_ENABLE_MODULES = YES;
				CLANG_ENABLE_OBJC_ARC = YES;
				CLANG_WARN_BOOL_CONVERSION = YES;
				CLANG_WARN_CONSTANT_CONVERSION = YES;
				CLANG_WARN_DIRECT_OBJC_ISA_USAGE = YES_ERROR;
				CLANG_WARN_EMPTY_BODY = YES;
				CLANG_WARN_ENUM_CONVERSION = YES;
				CLANG_WARN_INT_CONVERSION = YES;
				CLANG_WARN_OBJC_ROOT_CLASS = YES_ERROR;
				CLANG_WARN_UNREACHABLE_CODE = YES;
				CLANG_WARN__DUPLICATE_METHOD_MATCH = YES;
				CODE_SIGN_IDENTITY = "-";
				COPY_PHASE_STRIP = NO;
				DEBUG_INFORMATION_FORMAT = "dwarf-with-dsym";
				ENABLE_NS_ASSERTIONS = NO;
				ENABLE_STRICT_OBJC_MSGSEND = YES;
				GCC_C_LANGUAGE_STANDARD = gnu99;
				GCC_NO_COMMON_BLOCKS = YES;
				GCC_WARN_64_TO_32_BIT_CONVERSION = YES;
				GCC_WARN_ABOUT_RETURN_TYPE = YES_ERROR;
				GCC_WARN_UNDECLARED_SELECTOR = YES;
				GCC_WARN_UNINITIALIZED_AUTOS = YES_AGGRESSIVE;
				GCC_WARN_UNUSED_FUNCTION = YES;
				GCC_WARN_UNUSED_VARIABLE = YES;
				MACOSX_DEPLOYMENT_TARGET = 10.11;
				MTL_ENABLE_DEBUG_INFO = NO;
				SDKROOT = macosx;
			};
			name = Release;
		};
		E6AC3DF01CDF7BC70084E6DF /* Debug */ = {
			isa = XCBuildConfiguration;
			baseConfigurationReference = FBE99D3BDAA5897E150786A6 /* Pods-kElogger.debug.xcconfig */;
			buildSettings = {
				ASSETCATALOG_COMPILER_APPICON_NAME = AppIcon;
				CLANG_ENABLE_MODULES = YES;
				COMBINE_HIDPI_IMAGES = YES;
				INFOPLIST_FILE = kElogger/Info.plist;
				LD_RUNPATH_SEARCH_PATHS = "$(inherited) @executable_path/../Frameworks";
				PRODUCT_BUNDLE_IDENTIFIER = com.ghostbuster.kElogger;
				PRODUCT_NAME = "$(TARGET_NAME)";
				SWIFT_OBJC_BRIDGING_HEADER = "kElogger-Bridging-Header.h";
				SWIFT_OPTIMIZATION_LEVEL = "-Onone";
			};
			name = Debug;
		};
		E6AC3DF11CDF7BC70084E6DF /* Release */ = {
			isa = XCBuildConfiguration;
			baseConfigurationReference = E9802986C3E0F0200A1CA97B /* Pods-kElogger.release.xcconfig */;
			buildSettings = {
				ASSETCATALOG_COMPILER_APPICON_NAME = AppIcon;
				CLANG_ENABLE_MODULES = YES;
				COMBINE_HIDPI_IMAGES = YES;
				INFOPLIST_FILE = kElogger/Info.plist;
				LD_RUNPATH_SEARCH_PATHS = "$(inherited) @executable_path/../Frameworks";
				PRODUCT_BUNDLE_IDENTIFIER = com.ghostbuster.kElogger;
				PRODUCT_NAME = "$(TARGET_NAME)";
				SWIFT_OBJC_BRIDGING_HEADER = "kElogger-Bridging-Header.h";
			};
			name = Release;
		};
		E6AC3DF31CDF7BC70084E6DF /* Debug */ = {
			isa = XCBuildConfiguration;
			buildSettings = {
				BUNDLE_LOADER = "$(TEST_HOST)";
				COMBINE_HIDPI_IMAGES = YES;
				INFOPLIST_FILE = kEloggerTests/Info.plist;
				LD_RUNPATH_SEARCH_PATHS = "$(inherited) @executable_path/../Frameworks @loader_path/../Frameworks";
				PRODUCT_BUNDLE_IDENTIFIER = com.ghostbuster.kEloggerTests;
				PRODUCT_NAME = "$(TARGET_NAME)";
				TEST_HOST = "$(BUILT_PRODUCTS_DIR)/kElogger.app/Contents/MacOS/kElogger";
			};
			name = Debug;
		};
		E6AC3DF41CDF7BC70084E6DF /* Release */ = {
			isa = XCBuildConfiguration;
			buildSettings = {
				BUNDLE_LOADER = "$(TEST_HOST)";
				COMBINE_HIDPI_IMAGES = YES;
				INFOPLIST_FILE = kEloggerTests/Info.plist;
				LD_RUNPATH_SEARCH_PATHS = "$(inherited) @executable_path/../Frameworks @loader_path/../Frameworks";
				PRODUCT_BUNDLE_IDENTIFIER = com.ghostbuster.kEloggerTests;
				PRODUCT_NAME = "$(TARGET_NAME)";
				TEST_HOST = "$(BUILT_PRODUCTS_DIR)/kElogger.app/Contents/MacOS/kElogger";
			};
			name = Release;
		};
/* End XCBuildConfiguration section */

/* Begin XCConfigurationList section */
		E6AC3DD21CDF7BC70084E6DF /* Build configuration list for PBXProject "kElogger" */ = {
			isa = XCConfigurationList;
			buildConfigurations = (
				E6AC3DED1CDF7BC70084E6DF /* Debug */,
				E6AC3DEE1CDF7BC70084E6DF /* Release */,
			);
			defaultConfigurationIsVisible = 0;
			defaultConfigurationName = Release;
		};
		E6AC3DEF1CDF7BC70084E6DF /* Build configuration list for PBXNativeTarget "kElogger" */ = {
			isa = XCConfigurationList;
			buildConfigurations = (
				E6AC3DF01CDF7BC70084E6DF /* Debug */,
				E6AC3DF11CDF7BC70084E6DF /* Release */,
			);
			defaultConfigurationIsVisible = 0;
			defaultConfigurationName = Release;
		};
		E6AC3DF21CDF7BC70084E6DF /* Build configuration list for PBXNativeTarget "kEloggerTests" */ = {
			isa = XCConfigurationList;
			buildConfigurations = (
				E6AC3DF31CDF7BC70084E6DF /* Debug */,
				E6AC3DF41CDF7BC70084E6DF /* Release */,
			);
			defaultConfigurationIsVisible = 0;
			defaultConfigurationName = Release;
		};
/* End XCConfigurationList section */
	};
	rootObject = E6AC3DCF1CDF7BC70084E6DF /* Project object */;
}
